
Microsoft Visual Studio Solution File, Format Version 12.00
# Visual Studio Version 16
VisualStudioVersion = 16.0.31729.503
MinimumVisualStudioVersion = 10.0.40219.1
Project("{FAE04EC0-301F-11D3-BF4B-00C04F79EFBC}") = "Tamaian_Rares_Lab2", "Tamaian_Rares_Lab2.csproj", "{7107CAD7-6512-49F0-BBAC-3084ABEA6918}"
EndProject
Global
	GlobalSection(SolutionConfigurationPlatforms) = preSolution
		Debug|Any CPU = Debug|Any CPU
		Release|Any CPU = Release|Any CPU
	EndGlobalSection
	GlobalSection(ProjectConfigurationPlatforms) = postSolution
		{7107CAD7-6512-49F0-BBAC-3084ABEA6918}.Debug|Any CPU.ActiveCfg = Debug|Any CPU
		{7107CAD7-6512-49F0-BBAC-3084ABEA6918}.Debug|Any CPU.Build.0 = Debug|Any CPU
		{7107CAD7-6512-49F0-BBAC-3084ABEA6918}.Release|Any CPU.ActiveCfg = Release|Any CPU
		{7107CAD7-6512-49F0-BBAC-3084ABEA6918}.Release|Any CPU.Build.0 = Release|Any CPU
	EndGlobalSection
	GlobalSection(SolutionProperties) = preSolution
		HideSolutionNode = FALSE
	EndGlobalSection
	GlobalSection(ExtensibilityGlobals) = postSolution
		SolutionGuid = {A3A1BC8A-62EA-4E8C-859A-3DD976DC3701}
	EndGlobalSection
EndGlobal
